
Microsoft Visual Studio Solution File, Format Version 12.00
# Visual Studio 2013
VisualStudioVersion = 12.0.30723.0
MinimumVisualStudioVersion = 10.0.40219.1
Project("{FAE04EC0-301F-11D3-BF4B-00C04F79EFBC}") = "Zelda.Game", "Zelda.Game\Zelda.Game.csproj", "{6BBF1ED2-D7C7-4C6D-B1E4-5D6F98672507}"
EndProject
Project("{FAE04EC0-301F-11D3-BF4B-00C04F79EFBC}") = "Zelda.Editor", "Zelda.Editor\Zelda.Editor.csproj", "{6D51E1AC-8ADF-4C48-98AA-D7FE8F726DBA}"
EndProject
Project("{FAE04EC0-301F-11D3-BF4B-00C04F79EFBC}") = "SDL2-CS", "Libraries\SDL2-CS\SDL2-CS.csproj", "{85480198-8711-4355-830E-72FD794AD3F6}"
EndProject
Project("{2150E333-8FDC-42A3-9474-1A3956D46DE8}") = "Libraries", "Libraries", "{30F0DE48-ABB3-4E5A-B7C9-E26C7118908A}"
EndProject
Project("{2150E333-8FDC-42A3-9474-1A3956D46DE8}") = "Mods", "Mods", "{1873B807-93AD-433D-B5A1-83184727FF01}"
EndProject
Project("{FAE04EC0-301F-11D3-BF4B-00C04F79EFBC}") = "Sample", "Mods\Sample\Sample.csproj", "{7CF397B1-0707-4E70-A184-F1DB8A5843B7}"
EndProject
Global
	GlobalSection(SolutionConfigurationPlatforms) = preSolution
		Debug|x86 = Debug|x86
		Release|x86 = Release|x86
	EndGlobalSection
	GlobalSection(ProjectConfigurationPlatforms) = postSolution
		{6BBF1ED2-D7C7-4C6D-B1E4-5D6F98672507}.Debug|x86.ActiveCfg = Debug|x86
		{6BBF1ED2-D7C7-4C6D-B1E4-5D6F98672507}.Debug|x86.Build.0 = Debug|x86
		{6BBF1ED2-D7C7-4C6D-B1E4-5D6F98672507}.Release|x86.ActiveCfg = Release|x86
		{6BBF1ED2-D7C7-4C6D-B1E4-5D6F98672507}.Release|x86.Build.0 = Release|x86
		{6D51E1AC-8ADF-4C48-98AA-D7FE8F726DBA}.Debug|x86.ActiveCfg = Debug|x86
		{6D51E1AC-8ADF-4C48-98AA-D7FE8F726DBA}.Debug|x86.Build.0 = Debug|x86
		{6D51E1AC-8ADF-4C48-98AA-D7FE8F726DBA}.Release|x86.ActiveCfg = Release|x86
		{6D51E1AC-8ADF-4C48-98AA-D7FE8F726DBA}.Release|x86.Build.0 = Release|x86
		{85480198-8711-4355-830E-72FD794AD3F6}.Debug|x86.ActiveCfg = Debug|x86
		{85480198-8711-4355-830E-72FD794AD3F6}.Debug|x86.Build.0 = Debug|x86
		{85480198-8711-4355-830E-72FD794AD3F6}.Release|x86.ActiveCfg = Release|x86
		{85480198-8711-4355-830E-72FD794AD3F6}.Release|x86.Build.0 = Release|x86
		{7CF397B1-0707-4E70-A184-F1DB8A5843B7}.Debug|x86.ActiveCfg = Debug|x86
		{7CF397B1-0707-4E70-A184-F1DB8A5843B7}.Debug|x86.Build.0 = Debug|x86
		{7CF397B1-0707-4E70-A184-F1DB8A5843B7}.Release|x86.ActiveCfg = Release|x86
		{7CF397B1-0707-4E70-A184-F1DB8A5843B7}.Release|x86.Build.0 = Release|x86
	EndGlobalSection
	GlobalSection(SolutionProperties) = preSolution
		HideSolutionNode = FALSE
	EndGlobalSection
	GlobalSection(NestedProjects) = preSolution
		{85480198-8711-4355-830E-72FD794AD3F6} = {30F0DE48-ABB3-4E5A-B7C9-E26C7118908A}
		{7CF397B1-0707-4E70-A184-F1DB8A5843B7} = {1873B807-93AD-433D-B5A1-83184727FF01}
	EndGlobalSection
EndGlobal
